// !$*UTF8*$!
{
	archiveVersion = 1;
	classes = {
	};
	objectVersion = 46;
	objects = {

/* Begin PBXBuildFile section */
		BE2C150E1F5155FC00FA86F2 /* DetailTableViewController.m in Sources */ = {isa = PBXBuildFile; fileRef = BE2C14F01F5155FC00FA86F2 /* DetailTableViewController.m */; };
		BE2C150F1F5155FC00FA86F2 /* GTMNSString+HTML.m in Sources */ = {isa = PBXBuildFile; fileRef = BE2C14F21F5155FC00FA86F2 /* GTMNSString+HTML.m */; };
		BE2C15101F5155FC00FA86F2 /* MWFeedInfo.m in Sources */ = {isa = PBXBuildFile; fileRef = BE2C14F41F5155FC00FA86F2 /* MWFeedInfo.m */; };
		BE2C15111F5155FC00FA86F2 /* MWFeedItem.m in Sources */ = {isa = PBXBuildFile; fileRef = BE2C14F61F5155FC00FA86F2 /* MWFeedItem.m */; };
		BE2C15121F5155FC00FA86F2 /* MWFeedParser.m in Sources */ = {isa = PBXBuildFile; fileRef = BE2C14F81F5155FC00FA86F2 /* MWFeedParser.m */; };
		BE2C15131F5155FC00FA86F2 /* MWFeedParserAppDelegate.m in Sources */ = {isa = PBXBuildFile; fileRef = BE2C14FB1F5155FC00FA86F2 /* MWFeedParserAppDelegate.m */; };
		BE2C15141F5155FC00FA86F2 /* NSDate+InternetDateTime.m in Sources */ = {isa = PBXBuildFile; fileRef = BE2C14FD1F5155FC00FA86F2 /* NSDate+InternetDateTime.m */; };
		BE2C15151F5155FC00FA86F2 /* NSString+HTML.m in Sources */ = {isa = PBXBuildFile; fileRef = BE2C14FF1F5155FC00FA86F2 /* NSString+HTML.m */; };
		BE2C15161F5155FC00FA86F2 /* NSString+XMLEntities.m in Sources */ = {isa = PBXBuildFile; fileRef = BE2C15011F5155FC00FA86F2 /* NSString+XMLEntities.m */; };
		BE2C15171F5155FC00FA86F2 /* RootViewController.m in Sources */ = {isa = PBXBuildFile; fileRef = BE2C15031F5155FC00FA86F2 /* RootViewController.m */; };
		BE51633E1F6E2B3900007E94 /* DictExtn.m in Sources */ = {isa = PBXBuildFile; fileRef = BE51633D1F6E2B3900007E94 /* DictExtn.m */; };
		BE56FA991F49CAFB005CA245 /* OcParser.m in Sources */ = {isa = PBXBuildFile; fileRef = BE56FA981F49CAFB005CA245 /* OcParser.m */; };
		BECE9DFC1F496FBC003B566F /* OcParser.h in CopyFiles */ = {isa = PBXBuildFile; fileRef = BECE9DF91F496FBC003B566F /* OcParser.h */; };
		BEDE4AC41F6D66A500F6D54D /* Parser.m in Sources */ = {isa = PBXBuildFile; fileRef = BEDE4AC31F6D66A500F6D54D /* Parser.m */; };
/* End PBXBuildFile section */

/* Begin PBXContainerItemProxy section */
		BEA0E0F21F4971F300F38096 /* PBXContainerItemProxy */ = {
			isa = PBXContainerItemProxy;
			containerPortal = BEA0E0E51F4971F200F38096 /* React.xcodeproj */;
			proxyType = 2;
			remoteGlobalIDString = 83CBBA2E1A601D0E00E9B192;
			remoteInfo = React;
		};
		BEA0E0F41F4971F300F38096 /* PBXContainerItemProxy */ = {
			isa = PBXContainerItemProxy;
			containerPortal = BEA0E0E51F4971F200F38096 /* React.xcodeproj */;
			proxyType = 2;
			remoteGlobalIDString = 2D2A28131D9B038B00D4039D;
			remoteInfo = "React-tvOS";
		};
		BEA0E0F61F4971F300F38096 /* PBXContainerItemProxy */ = {
			isa = PBXContainerItemProxy;
			containerPortal = BEA0E0E51F4971F200F38096 /* React.xcodeproj */;
			proxyType = 2;
			remoteGlobalIDString = 3D3C059A1DE3340900C268FA;
			remoteInfo = yoga;
		};
		BEA0E0F81F4971F300F38096 /* PBXContainerItemProxy */ = {
			isa = PBXContainerItemProxy;
			containerPortal = BEA0E0E51F4971F200F38096 /* React.xcodeproj */;
			proxyType = 2;
			remoteGlobalIDString = 3D3C06751DE3340C00C268FA;
			remoteInfo = "yoga-tvOS";
		};
		BEA0E0FA1F4971F300F38096 /* PBXContainerItemProxy */ = {
			isa = PBXContainerItemProxy;
			containerPortal = BEA0E0E51F4971F200F38096 /* React.xcodeproj */;
			proxyType = 2;
			remoteGlobalIDString = 3D3CD9251DE5FBEC00167DC4;
			remoteInfo = cxxreact;
		};
		BEA0E0FC1F4971F300F38096 /* PBXContainerItemProxy */ = {
			isa = PBXContainerItemProxy;
			containerPortal = BEA0E0E51F4971F200F38096 /* React.xcodeproj */;
			proxyType = 2;
			remoteGlobalIDString = 3D3CD9321DE5FBEE00167DC4;
			remoteInfo = "cxxreact-tvOS";
		};
		BEA0E0FE1F4971F300F38096 /* PBXContainerItemProxy */ = {
			isa = PBXContainerItemProxy;
			containerPortal = BEA0E0E51F4971F200F38096 /* React.xcodeproj */;
			proxyType = 2;
			remoteGlobalIDString = 3D3CD90B1DE5FBD600167DC4;
			remoteInfo = jschelpers;
		};
		BEA0E1001F4971F300F38096 /* PBXContainerItemProxy */ = {
			isa = PBXContainerItemProxy;
			containerPortal = BEA0E0E51F4971F200F38096 /* React.xcodeproj */;
			proxyType = 2;
			remoteGlobalIDString = 3D3CD9181DE5FBD800167DC4;
			remoteInfo = "jschelpers-tvOS";
		};
		BEA0E1021F4971F300F38096 /* PBXContainerItemProxy */ = {
			isa = PBXContainerItemProxy;
			containerPortal = BEA0E0E51F4971F200F38096 /* React.xcodeproj */;
			proxyType = 2;
			remoteGlobalIDString = 139D7ECE1E25DB7D00323FB7;
			remoteInfo = "third-party";
		};
		BEA0E1041F4971F300F38096 /* PBXContainerItemProxy */ = {
			isa = PBXContainerItemProxy;
			containerPortal = BEA0E0E51F4971F200F38096 /* React.xcodeproj */;
			proxyType = 2;
			remoteGlobalIDString = 139D7E881E25C6D100323FB7;
			remoteInfo = "double-conversion";
		};
/* End PBXContainerItemProxy section */

/* Begin PBXCopyFilesBuildPhase section */
		BECE9DF41F496FBC003B566F /* CopyFiles */ = {
			isa = PBXCopyFilesBuildPhase;
			buildActionMask = 2147483647;
			dstPath = "include/$(PRODUCT_NAME)";
			dstSubfolderSpec = 16;
			files = (
				BECE9DFC1F496FBC003B566F /* OcParser.h in CopyFiles */,
			);
			runOnlyForDeploymentPostprocessing = 0;
		};
/* End PBXCopyFilesBuildPhase section */

/* Begin PBXFileReference section */
		BE2C14EF1F5155FC00FA86F2 /* DetailTableViewController.h */ = {isa = PBXFileReference; fileEncoding = 4; lastKnownFileType = sourcecode.c.h; path = DetailTableViewController.h; sourceTree = "<group>"; };
		BE2C14F01F5155FC00FA86F2 /* DetailTableViewController.m */ = {isa = PBXFileReference; fileEncoding = 4; lastKnownFileType = sourcecode.c.objc; path = DetailTableViewController.m; sourceTree = "<group>"; };
		BE2C14F11F5155FC00FA86F2 /* GTMNSString+HTML.h */ = {isa = PBXFileReference; fileEncoding = 4; lastKnownFileType = sourcecode.c.h; path = "GTMNSString+HTML.h"; sourceTree = "<group>"; };
		BE2C14F21F5155FC00FA86F2 /* GTMNSString+HTML.m */ = {isa = PBXFileReference; fileEncoding = 4; lastKnownFileType = sourcecode.c.objc; path = "GTMNSString+HTML.m"; sourceTree = "<group>"; };
		BE2C14F31F5155FC00FA86F2 /* MWFeedInfo.h */ = {isa = PBXFileReference; fileEncoding = 4; lastKnownFileType = sourcecode.c.h; path = MWFeedInfo.h; sourceTree = "<group>"; };
		BE2C14F41F5155FC00FA86F2 /* MWFeedInfo.m */ = {isa = PBXFileReference; fileEncoding = 4; lastKnownFileType = sourcecode.c.objc; path = MWFeedInfo.m; sourceTree = "<group>"; };
		BE2C14F51F5155FC00FA86F2 /* MWFeedItem.h */ = {isa = PBXFileReference; fileEncoding = 4; lastKnownFileType = sourcecode.c.h; path = MWFeedItem.h; sourceTree = "<group>"; };
		BE2C14F61F5155FC00FA86F2 /* MWFeedItem.m */ = {isa = PBXFileReference; fileEncoding = 4; lastKnownFileType = sourcecode.c.objc; path = MWFeedItem.m; sourceTree = "<group>"; };
		BE2C14F71F5155FC00FA86F2 /* MWFeedParser.h */ = {isa = PBXFileReference; fileEncoding = 4; lastKnownFileType = sourcecode.c.h; path = MWFeedParser.h; sourceTree = "<group>"; };
		BE2C14F81F5155FC00FA86F2 /* MWFeedParser.m */ = {isa = PBXFileReference; fileEncoding = 4; lastKnownFileType = sourcecode.c.objc; path = MWFeedParser.m; sourceTree = "<group>"; };
		BE2C14F91F5155FC00FA86F2 /* MWFeedParser_Private.h */ = {isa = PBXFileReference; fileEncoding = 4; lastKnownFileType = sourcecode.c.h; path = MWFeedParser_Private.h; sourceTree = "<group>"; };
		BE2C14FA1F5155FC00FA86F2 /* MWFeedParserAppDelegate.h */ = {isa = PBXFileReference; fileEncoding = 4; lastKnownFileType = sourcecode.c.h; path = MWFeedParserAppDelegate.h; sourceTree = "<group>"; };
		BE2C14FB1F5155FC00FA86F2 /* MWFeedParserAppDelegate.m */ = {isa = PBXFileReference; fileEncoding = 4; lastKnownFileType = sourcecode.c.objc; path = MWFeedParserAppDelegate.m; sourceTree = "<group>"; };
		BE2C14FC1F5155FC00FA86F2 /* NSDate+InternetDateTime.h */ = {isa = PBXFileReference; fileEncoding = 4; lastKnownFileType = sourcecode.c.h; path = "NSDate+InternetDateTime.h"; sourceTree = "<group>"; };
		BE2C14FD1F5155FC00FA86F2 /* NSDate+InternetDateTime.m */ = {isa = PBXFileReference; fileEncoding = 4; lastKnownFileType = sourcecode.c.objc; path = "NSDate+InternetDateTime.m"; sourceTree = "<group>"; };
		BE2C14FE1F5155FC00FA86F2 /* NSString+HTML.h */ = {isa = PBXFileReference; fileEncoding = 4; lastKnownFileType = sourcecode.c.h; path = "NSString+HTML.h"; sourceTree = "<group>"; };
		BE2C14FF1F5155FC00FA86F2 /* NSString+HTML.m */ = {isa = PBXFileReference; fileEncoding = 4; lastKnownFileType = sourcecode.c.objc; path = "NSString+HTML.m"; sourceTree = "<group>"; };
		BE2C15001F5155FC00FA86F2 /* NSString+XMLEntities.h */ = {isa = PBXFileReference; fileEncoding = 4; lastKnownFileType = sourcecode.c.h; path = "NSString+XMLEntities.h"; sourceTree = "<group>"; };
		BE2C15011F5155FC00FA86F2 /* NSString+XMLEntities.m */ = {isa = PBXFileReference; fileEncoding = 4; lastKnownFileType = sourcecode.c.objc; path = "NSString+XMLEntities.m"; sourceTree = "<group>"; };
		BE2C15021F5155FC00FA86F2 /* RootViewController.h */ = {isa = PBXFileReference; fileEncoding = 4; lastKnownFileType = sourcecode.c.h; path = RootViewController.h; sourceTree = "<group>"; };
		BE2C15031F5155FC00FA86F2 /* RootViewController.m */ = {isa = PBXFileReference; fileEncoding = 4; lastKnownFileType = sourcecode.c.objc; path = RootViewController.m; sourceTree = "<group>"; };
		BE51633C1F6E28C800007E94 /* DictExtn.h */ = {isa = PBXFileReference; fileEncoding = 4; lastKnownFileType = sourcecode.c.h; path = DictExtn.h; sourceTree = "<group>"; };
		BE51633D1F6E2B3900007E94 /* DictExtn.m */ = {isa = PBXFileReference; fileEncoding = 4; lastKnownFileType = sourcecode.c.objc; path = DictExtn.m; sourceTree = "<group>"; };
		BE56FA981F49CAFB005CA245 /* OcParser.m */ = {isa = PBXFileReference; fileEncoding = 4; lastKnownFileType = sourcecode.c.objc; path = OcParser.m; sourceTree = "<group>"; };
		BEA0E0E51F4971F200F38096 /* React.xcodeproj */ = {isa = PBXFileReference; lastKnownFileType = "wrapper.pb-project"; name = React.xcodeproj; path = "../node_modules/react-native/React/React.xcodeproj"; sourceTree = "<group>"; };
		BECE9DF61F496FBC003B566F /* libocparser.a */ = {isa = PBXFileReference; explicitFileType = archive.ar; includeInIndex = 0; path = libocparser.a; sourceTree = BUILT_PRODUCTS_DIR; };
		BECE9DF91F496FBC003B566F /* OcParser.h */ = {isa = PBXFileReference; lastKnownFileType = sourcecode.c.h; path = OcParser.h; sourceTree = "<group>"; };
		BEDE4AA11F6D65D600F6D54D /* Parser.h */ = {isa = PBXFileReference; lastKnownFileType = sourcecode.c.h; path = Parser.h; sourceTree = "<group>"; };
		BEDE4AC31F6D66A500F6D54D /* Parser.m */ = {isa = PBXFileReference; fileEncoding = 4; lastKnownFileType = sourcecode.c.objc; path = Parser.m; sourceTree = "<group>"; };
/* End PBXFileReference section */

/* Begin PBXFrameworksBuildPhase section */
		BECE9DF31F496FBC003B566F /* Frameworks */ = {
			isa = PBXFrameworksBuildPhase;
			buildActionMask = 2147483647;
			files = (
			);
			runOnlyForDeploymentPostprocessing = 0;
		};
/* End PBXFrameworksBuildPhase section */

/* Begin PBXGroup section */
		BE2C14EE1F5155FC00FA86F2 /* Classes */ = {
			isa = PBXGroup;
			children = (
				BE2C14EF1F5155FC00FA86F2 /* DetailTableViewController.h */,
				BE2C14F01F5155FC00FA86F2 /* DetailTableViewController.m */,
				BE2C14F11F5155FC00FA86F2 /* GTMNSString+HTML.h */,
				BE2C14F21F5155FC00FA86F2 /* GTMNSString+HTML.m */,
				BE2C14F31F5155FC00FA86F2 /* MWFeedInfo.h */,
				BE2C14F41F5155FC00FA86F2 /* MWFeedInfo.m */,
				BE2C14F51F5155FC00FA86F2 /* MWFeedItem.h */,
				BE2C14F61F5155FC00FA86F2 /* MWFeedItem.m */,
				BE2C14F71F5155FC00FA86F2 /* MWFeedParser.h */,
				BE2C14F81F5155FC00FA86F2 /* MWFeedParser.m */,
				BE2C14F91F5155FC00FA86F2 /* MWFeedParser_Private.h */,
				BE2C14FA1F5155FC00FA86F2 /* MWFeedParserAppDelegate.h */,
				BE2C14FB1F5155FC00FA86F2 /* MWFeedParserAppDelegate.m */,
				BE2C14FC1F5155FC00FA86F2 /* NSDate+InternetDateTime.h */,
				BE2C14FD1F5155FC00FA86F2 /* NSDate+InternetDateTime.m */,
				BE2C14FE1F5155FC00FA86F2 /* NSString+HTML.h */,
				BE2C14FF1F5155FC00FA86F2 /* NSString+HTML.m */,
				BE2C15001F5155FC00FA86F2 /* NSString+XMLEntities.h */,
				BE2C15011F5155FC00FA86F2 /* NSString+XMLEntities.m */,
				BE2C15021F5155FC00FA86F2 /* RootViewController.h */,
				BE2C15031F5155FC00FA86F2 /* RootViewController.m */,
			);
			path = Classes;
			sourceTree = "<group>";
		};
		BEA0E0E61F4971F200F38096 /* Products */ = {
			isa = PBXGroup;
			children = (
				BEA0E0F31F4971F300F38096 /* libReact.a */,
				BEA0E0F51F4971F300F38096 /* libReact.a */,
				BEA0E0F71F4971F300F38096 /* libyoga.a */,
				BEA0E0F91F4971F300F38096 /* libyoga.a */,
				BEA0E0FB1F4971F300F38096 /* libcxxreact.a */,
				BEA0E0FD1F4971F300F38096 /* libcxxreact.a */,
				BEA0E0FF1F4971F300F38096 /* libjschelpers.a */,
				BEA0E1011F4971F300F38096 /* libjschelpers.a */,
				BEA0E1031F4971F300F38096 /* libthird-party.a */,
				BEA0E1051F4971F300F38096 /* libdouble-conversion.a */,
			);
			name = Products;
			sourceTree = "<group>";
		};
		BECE9DED1F496FBC003B566F = {
			isa = PBXGroup;
			children = (
				BECE9E021F496FF2003B566F /* Libraries */,
				BECE9DF81F496FBC003B566F /* ocparser */,
				BECE9DF71F496FBC003B566F /* Products */,
			);
			sourceTree = "<group>";
		};
		BECE9DF71F496FBC003B566F /* Products */ = {
			isa = PBXGroup;
			children = (
				BECE9DF61F496FBC003B566F /* libocparser.a */,
			);
			name = Products;
			sourceTree = "<group>";
		};
		BECE9DF81F496FBC003B566F /* ocparser */ = {
			isa = PBXGroup;
			children = (
				BE2C14EE1F5155FC00FA86F2 /* Classes */,
				BE56FA981F49CAFB005CA245 /* OcParser.m */,
				BECE9DF91F496FBC003B566F /* OcParser.h */,
				BEDE4AA11F6D65D600F6D54D /* Parser.h */,
				BEDE4AC31F6D66A500F6D54D /* Parser.m */,
				BE51633C1F6E28C800007E94 /* DictExtn.h */,
				BE51633D1F6E2B3900007E94 /* DictExtn.m */,
			);
			path = ocparser;
			sourceTree = "<group>";
		};
		BECE9E021F496FF2003B566F /* Libraries */ = {
			isa = PBXGroup;
			children = (
				BEA0E0E51F4971F200F38096 /* React.xcodeproj */,
			);
			name = Libraries;
			sourceTree = "<group>";
		};
/* End PBXGroup section */

/* Begin PBXNativeTarget section */
		BECE9DF51F496FBC003B566F /* ocparser */ = {
			isa = PBXNativeTarget;
			buildConfigurationList = BECE9DFF1F496FBC003B566F /* Build configuration list for PBXNativeTarget "ocparser" */;
			buildPhases = (
				BECE9DF21F496FBC003B566F /* Sources */,
				BECE9DF31F496FBC003B566F /* Frameworks */,
				BECE9DF41F496FBC003B566F /* CopyFiles */,
			);
			buildRules = (
			);
			dependencies = (
			);
			name = ocparser;
			productName = ocparser;
			productReference = BECE9DF61F496FBC003B566F /* libocparser.a */;
			productType = "com.apple.product-type.library.static";
		};
/* End PBXNativeTarget section */

/* Begin PBXProject section */
		BECE9DEE1F496FBC003B566F /* Project object */ = {
			isa = PBXProject;
			attributes = {
				LastUpgradeCheck = 0830;
				ORGANIZATIONNAME = None;
				TargetAttributes = {
					BECE9DF51F496FBC003B566F = {
						CreatedOnToolsVersion = 8.3.3;
						ProvisioningStyle = Automatic;
					};
				};
			};
			buildConfigurationList = BECE9DF11F496FBC003B566F /* Build configuration list for PBXProject "ocparser" */;
			compatibilityVersion = "Xcode 3.2";
			developmentRegion = English;
			hasScannedForEncodings = 0;
			knownRegions = (
				en,
			);
			mainGroup = BECE9DED1F496FBC003B566F;
			productRefGroup = BECE9DF71F496FBC003B566F /* Products */;
			projectDirPath = "";
			projectReferences = (
				{
					ProductGroup = BEA0E0E61F4971F200F38096 /* Products */;
					ProjectRef = BEA0E0E51F4971F200F38096 /* React.xcodeproj */;
				},
			);
			projectRoot = "";
			targets = (
				BECE9DF51F496FBC003B566F /* ocparser */,
			);
		};
/* End PBXProject section */

/* Begin PBXReferenceProxy section */
		BEA0E0F31F4971F300F38096 /* libReact.a */ = {
			isa = PBXReferenceProxy;
			fileType = archive.ar;
			path = libReact.a;
			remoteRef = BEA0E0F21F4971F300F38096 /* PBXContainerItemProxy */;
			sourceTree = BUILT_PRODUCTS_DIR;
		};
		BEA0E0F51F4971F300F38096 /* libReact.a */ = {
			isa = PBXReferenceProxy;
			fileType = archive.ar;
			path = libReact.a;
			remoteRef = BEA0E0F41F4971F300F38096 /* PBXContainerItemProxy */;
			sourceTree = BUILT_PRODUCTS_DIR;
		};
		BEA0E0F71F4971F300F38096 /* libyoga.a */ = {
			isa = PBXReferenceProxy;
			fileType = archive.ar;
			path = libyoga.a;
			remoteRef = BEA0E0F61F4971F300F38096 /* PBXContainerItemProxy */;
			sourceTree = BUILT_PRODUCTS_DIR;
		};
		BEA0E0F91F4971F300F38096 /* libyoga.a */ = {
			isa = PBXReferenceProxy;
			fileType = archive.ar;
			path = libyoga.a;
			remoteRef = BEA0E0F81F4971F300F38096 /* PBXContainerItemProxy */;
			sourceTree = BUILT_PRODUCTS_DIR;
		};
		BEA0E0FB1F4971F300F38096 /* libcxxreact.a */ = {
			isa = PBXReferenceProxy;
			fileType = archive.ar;
			path = libcxxreact.a;
			remoteRef = BEA0E0FA1F4971F300F38096 /* PBXContainerItemProxy */;
			sourceTree = BUILT_PRODUCTS_DIR;
		};
		BEA0E0FD1F4971F300F38096 /* libcxxreact.a */ = {
			isa = PBXReferenceProxy;
			fileType = archive.ar;
			path = libcxxreact.a;
			remoteRef = BEA0E0FC1F4971F300F38096 /* PBXContainerItemProxy */;
			sourceTree = BUILT_PRODUCTS_DIR;
		};
		BEA0E0FF1F4971F300F38096 /* libjschelpers.a */ = {
			isa = PBXReferenceProxy;
			fileType = archive.ar;
			path = libjschelpers.a;
			remoteRef = BEA0E0FE1F4971F300F38096 /* PBXContainerItemProxy */;
			sourceTree = BUILT_PRODUCTS_DIR;
		};
		BEA0E1011F4971F300F38096 /* libjschelpers.a */ = {
			isa = PBXReferenceProxy;
			fileType = archive.ar;
			path = libjschelpers.a;
			remoteRef = BEA0E1001F4971F300F38096 /* PBXContainerItemProxy */;
			sourceTree = BUILT_PRODUCTS_DIR;
		};
		BEA0E1031F4971F300F38096 /* libthird-party.a */ = {
			isa = PBXReferenceProxy;
			fileType = archive.ar;
			path = "libthird-party.a";
			remoteRef = BEA0E1021F4971F300F38096 /* PBXContainerItemProxy */;
			sourceTree = BUILT_PRODUCTS_DIR;
		};
		BEA0E1051F4971F300F38096 /* libdouble-conversion.a */ = {
			isa = PBXReferenceProxy;
			fileType = archive.ar;
			path = "libdouble-conversion.a";
			remoteRef = BEA0E1041F4971F300F38096 /* PBXContainerItemProxy */;
			sourceTree = BUILT_PRODUCTS_DIR;
		};
/* End PBXReferenceProxy section */

/* Begin PBXSourcesBuildPhase section */
		BECE9DF21F496FBC003B566F /* Sources */ = {
			isa = PBXSourcesBuildPhase;
			buildActionMask = 2147483647;
			files = (
				BE2C150E1F5155FC00FA86F2 /* DetailTableViewController.m in Sources */,
				BE2C15161F5155FC00FA86F2 /* NSString+XMLEntities.m in Sources */,
				BE56FA991F49CAFB005CA245 /* OcParser.m in Sources */,
				BE2C15101F5155FC00FA86F2 /* MWFeedInfo.m in Sources */,
				BEDE4AC41F6D66A500F6D54D /* Parser.m in Sources */,
				BE2C15131F5155FC00FA86F2 /* MWFeedParserAppDelegate.m in Sources */,
				BE2C15171F5155FC00FA86F2 /* RootViewController.m in Sources */,
				BE2C15111F5155FC00FA86F2 /* MWFeedItem.m in Sources */,
				BE2C15151F5155FC00FA86F2 /* NSString+HTML.m in Sources */,
				BE2C15121F5155FC00FA86F2 /* MWFeedParser.m in Sources */,
				BE2C15141F5155FC00FA86F2 /* NSDate+InternetDateTime.m in Sources */,
				BE2C150F1F5155FC00FA86F2 /* GTMNSString+HTML.m in Sources */,
				BE51633E1F6E2B3900007E94 /* DictExtn.m in Sources */,
			);
			runOnlyForDeploymentPostprocessing = 0;
		};
/* End PBXSourcesBuildPhase section */

/* Begin XCBuildConfiguration section */
		BECE9DFD1F496FBC003B566F /* Debug */ = {
			isa = XCBuildConfiguration;
			buildSettings = {
				ALWAYS_SEARCH_USER_PATHS = NO;
				CLANG_ANALYZER_NONNULL = YES;
				CLANG_ANALYZER_NUMBER_OBJECT_CONVERSION = YES_AGGRESSIVE;
				CLANG_CXX_LANGUAGE_STANDARD = "gnu++0x";
				CLANG_CXX_LIBRARY = "libc++";
				CLANG_ENABLE_MODULES = YES;
				CLANG_ENABLE_OBJC_ARC = YES;
				CLANG_WARN_BOOL_CONVERSION = YES;
				CLANG_WARN_CONSTANT_CONVERSION = YES;
				CLANG_WARN_DIRECT_OBJC_ISA_USAGE = YES_ERROR;
				CLANG_WARN_DOCUMENTATION_COMMENTS = YES;
				CLANG_WARN_EMPTY_BODY = YES;
				CLANG_WARN_ENUM_CONVERSION = YES;
				CLANG_WARN_INFINITE_RECURSION = YES;
				CLANG_WARN_INT_CONVERSION = YES;
				CLANG_WARN_OBJC_ROOT_CLASS = YES_ERROR;
				CLANG_WARN_SUSPICIOUS_MOVE = YES;
				CLANG_WARN_UNREACHABLE_CODE = YES;
				CLANG_WARN__DUPLICATE_METHOD_MATCH = YES;
				"CODE_SIGN_IDENTITY[sdk=iphoneos*]" = "iPhone Developer";
				COPY_PHASE_STRIP = NO;
				DEBUG_INFORMATION_FORMAT = dwarf;
				ENABLE_STRICT_OBJC_MSGSEND = YES;
				ENABLE_TESTABILITY = YES;
				GCC_C_LANGUAGE_STANDARD = gnu99;
				GCC_DYNAMIC_NO_PIC = NO;
				GCC_NO_COMMON_BLOCKS = YES;
				GCC_OPTIMIZATION_LEVEL = 0;
				GCC_PREPROCESSOR_DEFINITIONS = (
					"DEBUG=1",
					"$(inherited)",
				);
				GCC_WARN_64_TO_32_BIT_CONVERSION = YES;
				GCC_WARN_ABOUT_RETURN_TYPE = YES_ERROR;
				GCC_WARN_UNDECLARED_SELECTOR = YES;
				GCC_WARN_UNINITIALIZED_AUTOS = YES_AGGRESSIVE;
				GCC_WARN_UNUSED_FUNCTION = YES;
				GCC_WARN_UNUSED_VARIABLE = YES;
				IPHONEOS_DEPLOYMENT_TARGET = 10.3;
				MTL_ENABLE_DEBUG_INFO = YES;
				ONLY_ACTIVE_ARCH = YES;
				SDKROOT = iphoneos;
			};
			name = Debug;
		};
		BECE9DFE1F496FBC003B566F /* Release */ = {
			isa = XCBuildConfiguration;
			buildSettings = {
				ALWAYS_SEARCH_USER_PATHS = NO;
				CLANG_ANALYZER_NONNULL = YES;
				CLANG_ANALYZER_NUMBER_OBJECT_CONVERSION = YES_AGGRESSIVE;
				CLANG_CXX_LANGUAGE_STANDARD = "gnu++0x";
				CLANG_CXX_LIBRARY = "libc++";
				CLANG_ENABLE_MODULES = YES;
				CLANG_ENABLE_OBJC_ARC = YES;
				CLANG_WARN_BOOL_CONVERSION = YES;
				CLANG_WARN_CONSTANT_CONVERSION = YES;
				CLANG_WARN_DIRECT_OBJC_ISA_USAGE = YES_ERROR;
				CLANG_WARN_DOCUMENTATION_COMMENTS = YES;
				CLANG_WARN_EMPTY_BODY = YES;
				CLANG_WARN_ENUM_CONVERSION = YES;
				CLANG_WARN_INFINITE_RECURSION = YES;
				CLANG_WARN_INT_CONVERSION = YES;
				CLANG_WARN_OBJC_ROOT_CLASS = YES_ERROR;
				CLANG_WARN_SUSPICIOUS_MOVE = YES;
				CLANG_WARN_UNREACHABLE_CODE = YES;
				CLANG_WARN__DUPLICATE_METHOD_MATCH = YES;
				"CODE_SIGN_IDENTITY[sdk=iphoneos*]" = "iPhone Developer";
				COPY_PHASE_STRIP = NO;
				DEBUG_INFORMATION_FORMAT = "dwarf-with-dsym";
				ENABLE_NS_ASSERTIONS = NO;
				ENABLE_STRICT_OBJC_MSGSEND = YES;
				GCC_C_LANGUAGE_STANDARD = gnu99;
				GCC_NO_COMMON_BLOCKS = YES;
				GCC_WARN_64_TO_32_BIT_CONVERSION = YES;
				GCC_WARN_ABOUT_RETURN_TYPE = YES_ERROR;
				GCC_WARN_UNDECLARED_SELECTOR = YES;
				GCC_WARN_UNINITIALIZED_AUTOS = YES_AGGRESSIVE;
				GCC_WARN_UNUSED_FUNCTION = YES;
				GCC_WARN_UNUSED_VARIABLE = YES;
				IPHONEOS_DEPLOYMENT_TARGET = 10.3;
				MTL_ENABLE_DEBUG_INFO = NO;
				SDKROOT = iphoneos;
				VALIDATE_PRODUCT = YES;
			};
			name = Release;
		};
		BECE9E001F496FBC003B566F /* Debug */ = {
			isa = XCBuildConfiguration;
			buildSettings = {
				HEADER_SEARCH_PATHS = "$(SRCROOT)/../node_modules/react-native/React/**";
				IPHONEOS_DEPLOYMENT_TARGET = 8.0;
				ONLY_ACTIVE_ARCH = NO;
				OTHER_LDFLAGS = "-ObjC";
				PRODUCT_NAME = "$(TARGET_NAME)";
				SKIP_INSTALL = YES;
			};
			name = Debug;
		};
		BECE9E011F496FBC003B566F /* Release */ = {
			isa = XCBuildConfiguration;
			buildSettings = {
				HEADER_SEARCH_PATHS = "$(SRCROOT)/../node_modules/react-native/React/**";
				IPHONEOS_DEPLOYMENT_TARGET = 8.0;
				ONLY_ACTIVE_ARCH = NO;
				OTHER_LDFLAGS = "-ObjC";
				PRODUCT_NAME = "$(TARGET_NAME)";
				SKIP_INSTALL = YES;
			};
			name = Release;
		};
/* End XCBuildConfiguration section */

/* Begin XCConfigurationList section */
		BECE9DF11F496FBC003B566F /* Build configuration list for PBXProject "ocparser" */ = {
			isa = XCConfigurationList;
			buildConfigurations = (
				BECE9DFD1F496FBC003B566F /* Debug */,
				BECE9DFE1F496FBC003B566F /* Release */,
			);
			defaultConfigurationIsVisible = 0;
			defaultConfigurationName = Release;
		};
		BECE9DFF1F496FBC003B566F /* Build configuration list for PBXNativeTarget "ocparser" */ = {
			isa = XCConfigurationList;
			buildConfigurations = (
				BECE9E001F496FBC003B566F /* Debug */,
				BECE9E011F496FBC003B566F /* Release */,
			);
			defaultConfigurationIsVisible = 0;
			defaultConfigurationName = Release;
		};
/* End XCConfigurationList section */
	};
	rootObject = BECE9DEE1F496FBC003B566F /* Project object */;
}
