// !$*UTF8*$!
{
	archiveVersion = 1;
	classes = {
	};
	objectVersion = 46;
	objects = {

/* Begin PBXBuildFile section */
		BEDFF2121F4938510060B70D /* libReact.a in Frameworks */ = {isa = PBXBuildFile; fileRef = BEDFF1C91F4927F30060B70D /* libReact.a */; };
		BEDFF2131F4938600060B70D /* libcxxreact.a in Frameworks */ = {isa = PBXBuildFile; fileRef = BEDFF1D11F4927F30060B70D /* libcxxreact.a */; };
		BEF751B51F35C7DB0012D7D6 /* RNParser.h in Headers */ = {isa = PBXBuildFile; fileRef = BEF751B41F35C7DB0012D7D6 /* RNParser.h */; };
		BEF751B71F35C7DB0012D7D6 /* RNParser.m in Sources */ = {isa = PBXBuildFile; fileRef = BEF751B61F35C7DB0012D7D6 /* RNParser.m */; };
		BEF752181F35E2D40012D7D6 /* RssParser.swift in Sources */ = {isa = PBXBuildFile; fileRef = BEF752171F35E2D40012D7D6 /* RssParser.swift */; };
		BEF7521A1F35E6670012D7D6 /* RssParserBridge.m in Sources */ = {isa = PBXBuildFile; fileRef = BEF752191F35E6670012D7D6 /* RssParserBridge.m */; };
/* End PBXBuildFile section */

/* Begin PBXContainerItemProxy section */
		BE5ACCED1F35EC4D00B16B58 /* PBXContainerItemProxy */ = {
			isa = PBXContainerItemProxy;
			containerPortal = BE5ACCE01F35EC4A00B16B58 /* FeedKit.xcodeproj */;
			proxyType = 2;
			remoteGlobalIDString = A0EF4E0C1CE86D1E00C52142;
			remoteInfo = "FeedKit iOS";
		};
		BE5ACCEF1F35EC4D00B16B58 /* PBXContainerItemProxy */ = {
			isa = PBXContainerItemProxy;
			containerPortal = BE5ACCE01F35EC4A00B16B58 /* FeedKit.xcodeproj */;
			proxyType = 2;
			remoteGlobalIDString = A0EF4DE81CE86C3800C52142;
			remoteInfo = "FeedKit tvOS";
		};
		BE5ACCF11F35EC4D00B16B58 /* PBXContainerItemProxy */ = {
			isa = PBXContainerItemProxy;
			containerPortal = BE5ACCE01F35EC4A00B16B58 /* FeedKit.xcodeproj */;
			proxyType = 2;
			remoteGlobalIDString = A0EF4DFA1CE86CA200C52142;
			remoteInfo = "FeedKit macOS";
		};
		BE5ACCF31F35EC4D00B16B58 /* PBXContainerItemProxy */ = {
			isa = PBXContainerItemProxy;
			containerPortal = BE5ACCE01F35EC4A00B16B58 /* FeedKit.xcodeproj */;
			proxyType = 2;
			remoteGlobalIDString = A0370EB91CEF9D5A009583A3;
			remoteInfo = "FeedKit watchOS";
		};
		BE5ACCF51F35EC4D00B16B58 /* PBXContainerItemProxy */ = {
			isa = PBXContainerItemProxy;
			containerPortal = BE5ACCE01F35EC4A00B16B58 /* FeedKit.xcodeproj */;
			proxyType = 2;
			remoteGlobalIDString = A0EF4DAC1CE869AD00C52142;
			remoteInfo = "FeedKit Example iOS";
		};
		BE5ACCF71F35EC4D00B16B58 /* PBXContainerItemProxy */ = {
			isa = PBXContainerItemProxy;
			containerPortal = BE5ACCE01F35EC4A00B16B58 /* FeedKit.xcodeproj */;
			proxyType = 2;
			remoteGlobalIDString = A0EF4DC21CE86A0600C52142;
			remoteInfo = "FeedKit Example tvOS";
		};
		BE5ACCF91F35EC4D00B16B58 /* PBXContainerItemProxy */ = {
			isa = PBXContainerItemProxy;
			containerPortal = BE5ACCE01F35EC4A00B16B58 /* FeedKit.xcodeproj */;
			proxyType = 2;
			remoteGlobalIDString = A0EF4DD51CE86A7700C52142;
			remoteInfo = "FeedKit Example macOS";
		};
		BE5ACCFB1F35EC4D00B16B58 /* PBXContainerItemProxy */ = {
			isa = PBXContainerItemProxy;
			containerPortal = BE5ACCE01F35EC4A00B16B58 /* FeedKit.xcodeproj */;
			proxyType = 2;
			remoteGlobalIDString = A09C84FE1CE9AE2300D20CAB;
			remoteInfo = "FeedKit iOS Tests";
		};
		BE5ACCFD1F35EC4D00B16B58 /* PBXContainerItemProxy */ = {
			isa = PBXContainerItemProxy;
			containerPortal = BE5ACCE01F35EC4A00B16B58 /* FeedKit.xcodeproj */;
			proxyType = 2;
			remoteGlobalIDString = A09C850D1CE9AE4F00D20CAB;
			remoteInfo = "FeedKit tvOS Tests";
		};
		BE5ACCFF1F35EC4D00B16B58 /* PBXContainerItemProxy */ = {
			isa = PBXContainerItemProxy;
			containerPortal = BE5ACCE01F35EC4A00B16B58 /* FeedKit.xcodeproj */;
			proxyType = 2;
			remoteGlobalIDString = A09C851C1CE9AE6A00D20CAB;
			remoteInfo = "FeedKit macOS Tests";
		};
		BE5ACD531F35F3BA00B16B58 /* PBXContainerItemProxy */ = {
			isa = PBXContainerItemProxy;
			containerPortal = BE5ACCE01F35EC4A00B16B58 /* FeedKit.xcodeproj */;
			proxyType = 1;
			remoteGlobalIDString = A0EF4E0B1CE86D1E00C52142;
			remoteInfo = "FeedKit iOS";
		};
		BEDFF1C81F4927F30060B70D /* PBXContainerItemProxy */ = {
			isa = PBXContainerItemProxy;
			containerPortal = BEDFF1BB1F4927F20060B70D /* React.xcodeproj */;
			proxyType = 2;
			remoteGlobalIDString = 83CBBA2E1A601D0E00E9B192;
			remoteInfo = React;
		};
		BEDFF1CA1F4927F30060B70D /* PBXContainerItemProxy */ = {
			isa = PBXContainerItemProxy;
			containerPortal = BEDFF1BB1F4927F20060B70D /* React.xcodeproj */;
			proxyType = 2;
			remoteGlobalIDString = 2D2A28131D9B038B00D4039D;
			remoteInfo = "React-tvOS";
		};
		BEDFF1CC1F4927F30060B70D /* PBXContainerItemProxy */ = {
			isa = PBXContainerItemProxy;
			containerPortal = BEDFF1BB1F4927F20060B70D /* React.xcodeproj */;
			proxyType = 2;
			remoteGlobalIDString = 3D3C059A1DE3340900C268FA;
			remoteInfo = yoga;
		};
		BEDFF1CE1F4927F30060B70D /* PBXContainerItemProxy */ = {
			isa = PBXContainerItemProxy;
			containerPortal = BEDFF1BB1F4927F20060B70D /* React.xcodeproj */;
			proxyType = 2;
			remoteGlobalIDString = 3D3C06751DE3340C00C268FA;
			remoteInfo = "yoga-tvOS";
		};
		BEDFF1D01F4927F30060B70D /* PBXContainerItemProxy */ = {
			isa = PBXContainerItemProxy;
			containerPortal = BEDFF1BB1F4927F20060B70D /* React.xcodeproj */;
			proxyType = 2;
			remoteGlobalIDString = 3D3CD9251DE5FBEC00167DC4;
			remoteInfo = cxxreact;
		};
		BEDFF1D21F4927F30060B70D /* PBXContainerItemProxy */ = {
			isa = PBXContainerItemProxy;
			containerPortal = BEDFF1BB1F4927F20060B70D /* React.xcodeproj */;
			proxyType = 2;
			remoteGlobalIDString = 3D3CD9321DE5FBEE00167DC4;
			remoteInfo = "cxxreact-tvOS";
		};
		BEDFF1D41F4927F30060B70D /* PBXContainerItemProxy */ = {
			isa = PBXContainerItemProxy;
			containerPortal = BEDFF1BB1F4927F20060B70D /* React.xcodeproj */;
			proxyType = 2;
			remoteGlobalIDString = 3D3CD90B1DE5FBD600167DC4;
			remoteInfo = jschelpers;
		};
		BEDFF1D61F4927F30060B70D /* PBXContainerItemProxy */ = {
			isa = PBXContainerItemProxy;
			containerPortal = BEDFF1BB1F4927F20060B70D /* React.xcodeproj */;
			proxyType = 2;
			remoteGlobalIDString = 3D3CD9181DE5FBD800167DC4;
			remoteInfo = "jschelpers-tvOS";
		};
		BEDFF1D81F4927F30060B70D /* PBXContainerItemProxy */ = {
			isa = PBXContainerItemProxy;
			containerPortal = BEDFF1BB1F4927F20060B70D /* React.xcodeproj */;
			proxyType = 2;
			remoteGlobalIDString = 139D7ECE1E25DB7D00323FB7;
			remoteInfo = "third-party";
		};
		BEDFF1DA1F4927F30060B70D /* PBXContainerItemProxy */ = {
			isa = PBXContainerItemProxy;
			containerPortal = BEDFF1BB1F4927F20060B70D /* React.xcodeproj */;
			proxyType = 2;
			remoteGlobalIDString = 139D7E881E25C6D100323FB7;
			remoteInfo = "double-conversion";
		};
/* End PBXContainerItemProxy section */

/* Begin PBXFileReference section */
		BE5ACCE01F35EC4A00B16B58 /* FeedKit.xcodeproj */ = {isa = PBXFileReference; lastKnownFileType = "wrapper.pb-project"; name = FeedKit.xcodeproj; path = FeedKit/FeedKit.xcodeproj; sourceTree = "<group>"; };
		BEDFF1BB1F4927F20060B70D /* React.xcodeproj */ = {isa = PBXFileReference; lastKnownFileType = "wrapper.pb-project"; name = React.xcodeproj; path = "../node_modules/react-native/React/React.xcodeproj"; sourceTree = "<group>"; };
		BEF751B11F35C7DB0012D7D6 /* libRNParser.dylib */ = {isa = PBXFileReference; explicitFileType = "compiled.mach-o.dylib"; includeInIndex = 0; path = libRNParser.dylib; sourceTree = BUILT_PRODUCTS_DIR; };
		BEF751B41F35C7DB0012D7D6 /* RNParser.h */ = {isa = PBXFileReference; lastKnownFileType = sourcecode.c.h; path = RNParser.h; sourceTree = "<group>"; };
		BEF751B61F35C7DB0012D7D6 /* RNParser.m */ = {isa = PBXFileReference; lastKnownFileType = sourcecode.c.objc; path = RNParser.m; sourceTree = "<group>"; };
		BEF752161F35E2D30012D7D6 /* RNParser-Bridging-Header.h */ = {isa = PBXFileReference; lastKnownFileType = sourcecode.c.h; path = "RNParser-Bridging-Header.h"; sourceTree = "<group>"; };
		BEF752171F35E2D40012D7D6 /* RssParser.swift */ = {isa = PBXFileReference; fileEncoding = 4; lastKnownFileType = sourcecode.swift; path = RssParser.swift; sourceTree = "<group>"; };
		BEF752191F35E6670012D7D6 /* RssParserBridge.m */ = {isa = PBXFileReference; fileEncoding = 4; lastKnownFileType = sourcecode.c.objc; path = RssParserBridge.m; sourceTree = "<group>"; };
/* End PBXFileReference section */

/* Begin PBXFrameworksBuildPhase section */
		BEF751AE1F35C7DB0012D7D6 /* Frameworks */ = {
			isa = PBXFrameworksBuildPhase;
			buildActionMask = 2147483647;
			files = (
				BEDFF2131F4938600060B70D /* libcxxreact.a in Frameworks */,
				BEDFF2121F4938510060B70D /* libReact.a in Frameworks */,
			);
			runOnlyForDeploymentPostprocessing = 0;
		};
/* End PBXFrameworksBuildPhase section */

/* Begin PBXGroup section */
		BE5ACCE11F35EC4A00B16B58 /* Products */ = {
			isa = PBXGroup;
			children = (
				BE5ACCEE1F35EC4D00B16B58 /* FeedKit.framework */,
				BE5ACCF01F35EC4D00B16B58 /* FeedKit.framework */,
				BE5ACCF21F35EC4D00B16B58 /* FeedKit.framework */,
				BE5ACCF41F35EC4D00B16B58 /* FeedKit.framework */,
				BE5ACCF61F35EC4D00B16B58 /* FeedKit Example iOS.app */,
				BE5ACCF81F35EC4D00B16B58 /* FeedKit Example tvOS.app */,
				BE5ACCFA1F35EC4D00B16B58 /* FeedKit Example macOS.app */,
				BE5ACCFC1F35EC4D00B16B58 /* FeedKit iOS Tests.xctest */,
				BE5ACCFE1F35EC4D00B16B58 /* FeedKit tvOS Tests.xctest */,
				BE5ACD001F35EC4D00B16B58 /* FeedKit macOS Tests.xctest */,
			);
			name = Products;
			sourceTree = "<group>";
		};
		BEDFF1BC1F4927F20060B70D /* Products */ = {
			isa = PBXGroup;
			children = (
				BEDFF1C91F4927F30060B70D /* libReact.a */,
				BEDFF1CB1F4927F30060B70D /* libReact.a */,
				BEDFF1CD1F4927F30060B70D /* libyoga.a */,
				BEDFF1CF1F4927F30060B70D /* libyoga.a */,
				BEDFF1D11F4927F30060B70D /* libcxxreact.a */,
				BEDFF1D31F4927F30060B70D /* libcxxreact.a */,
				BEDFF1D51F4927F30060B70D /* libjschelpers.a */,
				BEDFF1D71F4927F30060B70D /* libjschelpers.a */,
				BEDFF1D91F4927F30060B70D /* libthird-party.a */,
				BEDFF1DB1F4927F30060B70D /* libdouble-conversion.a */,
			);
			name = Products;
			sourceTree = "<group>";
		};
		BEF751A81F35C7DB0012D7D6 = {
			isa = PBXGroup;
			children = (
				BEDFF1BB1F4927F20060B70D /* React.xcodeproj */,
				BEF751B31F35C7DB0012D7D6 /* RNParser */,
				BEF751B21F35C7DB0012D7D6 /* Products */,
				BEF751BD1F35C8350012D7D6 /* Frameworks */,
			);
			sourceTree = "<group>";
		};
		BEF751B21F35C7DB0012D7D6 /* Products */ = {
			isa = PBXGroup;
			children = (
				BEF751B11F35C7DB0012D7D6 /* libRNParser.dylib */,
			);
			name = Products;
			sourceTree = "<group>";
		};
		BEF751B31F35C7DB0012D7D6 /* RNParser */ = {
			isa = PBXGroup;
			children = (
				BEF752191F35E6670012D7D6 /* RssParserBridge.m */,
				BEF752171F35E2D40012D7D6 /* RssParser.swift */,
				BEF751B41F35C7DB0012D7D6 /* RNParser.h */,
				BEF751B61F35C7DB0012D7D6 /* RNParser.m */,
				BEF752161F35E2D30012D7D6 /* RNParser-Bridging-Header.h */,
			);
			path = RNParser;
			sourceTree = "<group>";
		};
		BEF751BD1F35C8350012D7D6 /* Frameworks */ = {
			isa = PBXGroup;
			children = (
				BE5ACCE01F35EC4A00B16B58 /* FeedKit.xcodeproj */,
			);
			name = Frameworks;
			sourceTree = "<group>";
		};
/* End PBXGroup section */

/* Begin PBXHeadersBuildPhase section */
		BEF751AF1F35C7DB0012D7D6 /* Headers */ = {
			isa = PBXHeadersBuildPhase;
			buildActionMask = 2147483647;
			files = (
				BEF751B51F35C7DB0012D7D6 /* RNParser.h in Headers */,
			);
			runOnlyForDeploymentPostprocessing = 0;
		};
/* End PBXHeadersBuildPhase section */

/* Begin PBXNativeTarget section */
		BEF751B01F35C7DB0012D7D6 /* RNParser */ = {
			isa = PBXNativeTarget;
			buildConfigurationList = BEF751BA1F35C7DB0012D7D6 /* Build configuration list for PBXNativeTarget "RNParser" */;
			buildPhases = (
				BEF751AD1F35C7DB0012D7D6 /* Sources */,
				BEF751AE1F35C7DB0012D7D6 /* Frameworks */,
				BEF751AF1F35C7DB0012D7D6 /* Headers */,
			);
			buildRules = (
			);
			dependencies = (
				BE5ACD541F35F3BA00B16B58 /* PBXTargetDependency */,
			);
			name = RNParser;
			productName = RNParser;
			productReference = BEF751B11F35C7DB0012D7D6 /* libRNParser.dylib */;
			productType = "com.apple.product-type.library.dynamic";
		};
/* End PBXNativeTarget section */

/* Begin PBXProject section */
		BEF751A91F35C7DB0012D7D6 /* Project object */ = {
			isa = PBXProject;
			attributes = {
				LastUpgradeCheck = 0830;
				ORGANIZATIONNAME = None;
				TargetAttributes = {
					BEF751B01F35C7DB0012D7D6 = {
						CreatedOnToolsVersion = 8.3.3;
						LastSwiftMigration = 0830;
						ProvisioningStyle = Automatic;
					};
				};
			};
			buildConfigurationList = BEF751AC1F35C7DB0012D7D6 /* Build configuration list for PBXProject "RNParser" */;
			compatibilityVersion = "Xcode 3.2";
			developmentRegion = English;
			hasScannedForEncodings = 0;
			knownRegions = (
				en,
			);
			mainGroup = BEF751A81F35C7DB0012D7D6;
			productRefGroup = BEF751B21F35C7DB0012D7D6 /* Products */;
			projectDirPath = "";
			projectReferences = (
				{
					ProductGroup = BE5ACCE11F35EC4A00B16B58 /* Products */;
					ProjectRef = BE5ACCE01F35EC4A00B16B58 /* FeedKit.xcodeproj */;
				},
				{
					ProductGroup = BEDFF1BC1F4927F20060B70D /* Products */;
					ProjectRef = BEDFF1BB1F4927F20060B70D /* React.xcodeproj */;
				},
			);
			projectRoot = "";
			targets = (
				BEF751B01F35C7DB0012D7D6 /* RNParser */,
			);
		};
/* End PBXProject section */

/* Begin PBXReferenceProxy section */
		BE5ACCEE1F35EC4D00B16B58 /* FeedKit.framework */ = {
			isa = PBXReferenceProxy;
			fileType = wrapper.framework;
			path = FeedKit.framework;
			remoteRef = BE5ACCED1F35EC4D00B16B58 /* PBXContainerItemProxy */;
			sourceTree = BUILT_PRODUCTS_DIR;
		};
		BE5ACCF01F35EC4D00B16B58 /* FeedKit.framework */ = {
			isa = PBXReferenceProxy;
			fileType = wrapper.framework;
			path = FeedKit.framework;
			remoteRef = BE5ACCEF1F35EC4D00B16B58 /* PBXContainerItemProxy */;
			sourceTree = BUILT_PRODUCTS_DIR;
		};
		BE5ACCF21F35EC4D00B16B58 /* FeedKit.framework */ = {
			isa = PBXReferenceProxy;
			fileType = wrapper.framework;
			path = FeedKit.framework;
			remoteRef = BE5ACCF11F35EC4D00B16B58 /* PBXContainerItemProxy */;
			sourceTree = BUILT_PRODUCTS_DIR;
		};
		BE5ACCF41F35EC4D00B16B58 /* FeedKit.framework */ = {
			isa = PBXReferenceProxy;
			fileType = wrapper.framework;
			path = FeedKit.framework;
			remoteRef = BE5ACCF31F35EC4D00B16B58 /* PBXContainerItemProxy */;
			sourceTree = BUILT_PRODUCTS_DIR;
		};
		BE5ACCF61F35EC4D00B16B58 /* FeedKit Example iOS.app */ = {
			isa = PBXReferenceProxy;
			fileType = wrapper.application;
			path = "FeedKit Example iOS.app";
			remoteRef = BE5ACCF51F35EC4D00B16B58 /* PBXContainerItemProxy */;
			sourceTree = BUILT_PRODUCTS_DIR;
		};
		BE5ACCF81F35EC4D00B16B58 /* FeedKit Example tvOS.app */ = {
			isa = PBXReferenceProxy;
			fileType = wrapper.application;
			path = "FeedKit Example tvOS.app";
			remoteRef = BE5ACCF71F35EC4D00B16B58 /* PBXContainerItemProxy */;
			sourceTree = BUILT_PRODUCTS_DIR;
		};
		BE5ACCFA1F35EC4D00B16B58 /* FeedKit Example macOS.app */ = {
			isa = PBXReferenceProxy;
			fileType = wrapper.application;
			path = "FeedKit Example macOS.app";
			remoteRef = BE5ACCF91F35EC4D00B16B58 /* PBXContainerItemProxy */;
			sourceTree = BUILT_PRODUCTS_DIR;
		};
		BE5ACCFC1F35EC4D00B16B58 /* FeedKit iOS Tests.xctest */ = {
			isa = PBXReferenceProxy;
			fileType = wrapper.cfbundle;
			path = "FeedKit iOS Tests.xctest";
			remoteRef = BE5ACCFB1F35EC4D00B16B58 /* PBXContainerItemProxy */;
			sourceTree = BUILT_PRODUCTS_DIR;
		};
		BE5ACCFE1F35EC4D00B16B58 /* FeedKit tvOS Tests.xctest */ = {
			isa = PBXReferenceProxy;
			fileType = wrapper.cfbundle;
			path = "FeedKit tvOS Tests.xctest";
			remoteRef = BE5ACCFD1F35EC4D00B16B58 /* PBXContainerItemProxy */;
			sourceTree = BUILT_PRODUCTS_DIR;
		};
		BE5ACD001F35EC4D00B16B58 /* FeedKit macOS Tests.xctest */ = {
			isa = PBXReferenceProxy;
			fileType = wrapper.cfbundle;
			path = "FeedKit macOS Tests.xctest";
			remoteRef = BE5ACCFF1F35EC4D00B16B58 /* PBXContainerItemProxy */;
			sourceTree = BUILT_PRODUCTS_DIR;
		};
		BEDFF1C91F4927F30060B70D /* libReact.a */ = {
			isa = PBXReferenceProxy;
			fileType = archive.ar;
			path = libReact.a;
			remoteRef = BEDFF1C81F4927F30060B70D /* PBXContainerItemProxy */;
			sourceTree = BUILT_PRODUCTS_DIR;
		};
		BEDFF1CB1F4927F30060B70D /* libReact.a */ = {
			isa = PBXReferenceProxy;
			fileType = archive.ar;
			path = libReact.a;
			remoteRef = BEDFF1CA1F4927F30060B70D /* PBXContainerItemProxy */;
			sourceTree = BUILT_PRODUCTS_DIR;
		};
		BEDFF1CD1F4927F30060B70D /* libyoga.a */ = {
			isa = PBXReferenceProxy;
			fileType = archive.ar;
			path = libyoga.a;
			remoteRef = BEDFF1CC1F4927F30060B70D /* PBXContainerItemProxy */;
			sourceTree = BUILT_PRODUCTS_DIR;
		};
		BEDFF1CF1F4927F30060B70D /* libyoga.a */ = {
			isa = PBXReferenceProxy;
			fileType = archive.ar;
			path = libyoga.a;
			remoteRef = BEDFF1CE1F4927F30060B70D /* PBXContainerItemProxy */;
			sourceTree = BUILT_PRODUCTS_DIR;
		};
		BEDFF1D11F4927F30060B70D /* libcxxreact.a */ = {
			isa = PBXReferenceProxy;
			fileType = archive.ar;
			path = libcxxreact.a;
			remoteRef = BEDFF1D01F4927F30060B70D /* PBXContainerItemProxy */;
			sourceTree = BUILT_PRODUCTS_DIR;
		};
		BEDFF1D31F4927F30060B70D /* libcxxreact.a */ = {
			isa = PBXReferenceProxy;
			fileType = archive.ar;
			path = libcxxreact.a;
			remoteRef = BEDFF1D21F4927F30060B70D /* PBXContainerItemProxy */;
			sourceTree = BUILT_PRODUCTS_DIR;
		};
		BEDFF1D51F4927F30060B70D /* libjschelpers.a */ = {
			isa = PBXReferenceProxy;
			fileType = archive.ar;
			path = libjschelpers.a;
			remoteRef = BEDFF1D41F4927F30060B70D /* PBXContainerItemProxy */;
			sourceTree = BUILT_PRODUCTS_DIR;
		};
		BEDFF1D71F4927F30060B70D /* libjschelpers.a */ = {
			isa = PBXReferenceProxy;
			fileType = archive.ar;
			path = libjschelpers.a;
			remoteRef = BEDFF1D61F4927F30060B70D /* PBXContainerItemProxy */;
			sourceTree = BUILT_PRODUCTS_DIR;
		};
		BEDFF1D91F4927F30060B70D /* libthird-party.a */ = {
			isa = PBXReferenceProxy;
			fileType = archive.ar;
			path = "libthird-party.a";
			remoteRef = BEDFF1D81F4927F30060B70D /* PBXContainerItemProxy */;
			sourceTree = BUILT_PRODUCTS_DIR;
		};
		BEDFF1DB1F4927F30060B70D /* libdouble-conversion.a */ = {
			isa = PBXReferenceProxy;
			fileType = archive.ar;
			path = "libdouble-conversion.a";
			remoteRef = BEDFF1DA1F4927F30060B70D /* PBXContainerItemProxy */;
			sourceTree = BUILT_PRODUCTS_DIR;
		};
/* End PBXReferenceProxy section */

/* Begin PBXSourcesBuildPhase section */
		BEF751AD1F35C7DB0012D7D6 /* Sources */ = {
			isa = PBXSourcesBuildPhase;
			buildActionMask = 2147483647;
			files = (
				BEF7521A1F35E6670012D7D6 /* RssParserBridge.m in Sources */,
				BEF751B71F35C7DB0012D7D6 /* RNParser.m in Sources */,
				BEF752181F35E2D40012D7D6 /* RssParser.swift in Sources */,
			);
			runOnlyForDeploymentPostprocessing = 0;
		};
/* End PBXSourcesBuildPhase section */

/* Begin PBXTargetDependency section */
		BE5ACD541F35F3BA00B16B58 /* PBXTargetDependency */ = {
			isa = PBXTargetDependency;
			name = "FeedKit iOS";
			targetProxy = BE5ACD531F35F3BA00B16B58 /* PBXContainerItemProxy */;
		};
/* End PBXTargetDependency section */

/* Begin XCBuildConfiguration section */
		BEF751B81F35C7DB0012D7D6 /* Debug */ = {
			isa = XCBuildConfiguration;
			buildSettings = {
				ALWAYS_SEARCH_USER_PATHS = NO;
				CLANG_ANALYZER_NONNULL = YES;
				CLANG_ANALYZER_NUMBER_OBJECT_CONVERSION = YES_AGGRESSIVE;
				CLANG_CXX_LANGUAGE_STANDARD = "gnu++0x";
				CLANG_CXX_LIBRARY = "libc++";
				CLANG_ENABLE_MODULES = YES;
				CLANG_ENABLE_OBJC_ARC = YES;
				CLANG_WARN_BOOL_CONVERSION = YES;
				CLANG_WARN_CONSTANT_CONVERSION = YES;
				CLANG_WARN_DIRECT_OBJC_ISA_USAGE = YES_ERROR;
				CLANG_WARN_DOCUMENTATION_COMMENTS = YES;
				CLANG_WARN_EMPTY_BODY = YES;
				CLANG_WARN_ENUM_CONVERSION = YES;
				CLANG_WARN_INFINITE_RECURSION = YES;
				CLANG_WARN_INT_CONVERSION = YES;
				CLANG_WARN_OBJC_ROOT_CLASS = YES_ERROR;
				CLANG_WARN_SUSPICIOUS_MOVE = YES;
				CLANG_WARN_UNREACHABLE_CODE = YES;
				CLANG_WARN__DUPLICATE_METHOD_MATCH = YES;
				CODE_SIGN_IDENTITY = "-";
				COPY_PHASE_STRIP = NO;
				DEBUG_INFORMATION_FORMAT = dwarf;
				ENABLE_STRICT_OBJC_MSGSEND = YES;
				ENABLE_TESTABILITY = YES;
				GCC_C_LANGUAGE_STANDARD = gnu99;
				GCC_DYNAMIC_NO_PIC = NO;
				GCC_NO_COMMON_BLOCKS = YES;
				GCC_OPTIMIZATION_LEVEL = 0;
				GCC_PREPROCESSOR_DEFINITIONS = (
					"DEBUG=1",
					"$(inherited)",
				);
				GCC_WARN_64_TO_32_BIT_CONVERSION = YES;
				GCC_WARN_ABOUT_RETURN_TYPE = YES_ERROR;
				GCC_WARN_UNDECLARED_SELECTOR = YES;
				GCC_WARN_UNINITIALIZED_AUTOS = YES_AGGRESSIVE;
				GCC_WARN_UNUSED_FUNCTION = YES;
				GCC_WARN_UNUSED_VARIABLE = YES;
				MACOSX_DEPLOYMENT_TARGET = 10.12;
				MTL_ENABLE_DEBUG_INFO = YES;
				ONLY_ACTIVE_ARCH = YES;
				SDKROOT = macosx;
			};
			name = Debug;
		};
		BEF751B91F35C7DB0012D7D6 /* Release */ = {
			isa = XCBuildConfiguration;
			buildSettings = {
				ALWAYS_SEARCH_USER_PATHS = NO;
				CLANG_ANALYZER_NONNULL = YES;
				CLANG_ANALYZER_NUMBER_OBJECT_CONVERSION = YES_AGGRESSIVE;
				CLANG_CXX_LANGUAGE_STANDARD = "gnu++0x";
				CLANG_CXX_LIBRARY = "libc++";
				CLANG_ENABLE_MODULES = YES;
				CLANG_ENABLE_OBJC_ARC = YES;
				CLANG_WARN_BOOL_CONVERSION = YES;
				CLANG_WARN_CONSTANT_CONVERSION = YES;
				CLANG_WARN_DIRECT_OBJC_ISA_USAGE = YES_ERROR;
				CLANG_WARN_DOCUMENTATION_COMMENTS = YES;
				CLANG_WARN_EMPTY_BODY = YES;
				CLANG_WARN_ENUM_CONVERSION = YES;
				CLANG_WARN_INFINITE_RECURSION = YES;
				CLANG_WARN_INT_CONVERSION = YES;
				CLANG_WARN_OBJC_ROOT_CLASS = YES_ERROR;
				CLANG_WARN_SUSPICIOUS_MOVE = YES;
				CLANG_WARN_UNREACHABLE_CODE = YES;
				CLANG_WARN__DUPLICATE_METHOD_MATCH = YES;
				CODE_SIGN_IDENTITY = "-";
				COPY_PHASE_STRIP = NO;
				DEBUG_INFORMATION_FORMAT = "dwarf-with-dsym";
				ENABLE_NS_ASSERTIONS = NO;
				ENABLE_STRICT_OBJC_MSGSEND = YES;
				GCC_C_LANGUAGE_STANDARD = gnu99;
				GCC_NO_COMMON_BLOCKS = YES;
				GCC_WARN_64_TO_32_BIT_CONVERSION = YES;
				GCC_WARN_ABOUT_RETURN_TYPE = YES_ERROR;
				GCC_WARN_UNDECLARED_SELECTOR = YES;
				GCC_WARN_UNINITIALIZED_AUTOS = YES_AGGRESSIVE;
				GCC_WARN_UNUSED_FUNCTION = YES;
				GCC_WARN_UNUSED_VARIABLE = YES;
				MACOSX_DEPLOYMENT_TARGET = 10.12;
				MTL_ENABLE_DEBUG_INFO = NO;
				SDKROOT = macosx;
			};
			name = Release;
		};
		BEF751BB1F35C7DB0012D7D6 /* Debug */ = {
			isa = XCBuildConfiguration;
			buildSettings = {
				ALWAYS_SEARCH_USER_PATHS = NO;
				CLANG_ENABLE_MODULES = YES;
				DYLIB_COMPATIBILITY_VERSION = 1;
				DYLIB_CURRENT_VERSION = 1;
				EMBED_ASSET_PACKS_IN_PRODUCT_BUNDLE = NO;
				ENABLE_ON_DEMAND_RESOURCES = NO;
				EXECUTABLE_PREFIX = lib;
				HEADER_SEARCH_PATHS = "$(SRCROOT)/../node_modules/react-native/React/**";
				LD_RUNPATH_SEARCH_PATHS = "$(inherited) @executable_path/../Frameworks @loader_path/../Frameworks";
				PRODUCT_NAME = "$(TARGET_NAME)";
				SDKROOT = iphoneos;
				SUPPORTED_PLATFORMS = "iphonesimulator iphoneos";
				SWIFT_OBJC_BRIDGING_HEADER = "RNParser/RNParser-Bridging-Header.h";
				SWIFT_OPTIMIZATION_LEVEL = "-Onone";
				SWIFT_VERSION = 3.0;
			};
			name = Debug;
		};
		BEF751BC1F35C7DB0012D7D6 /* Release */ = {
			isa = XCBuildConfiguration;
			buildSettings = {
				ALWAYS_SEARCH_USER_PATHS = NO;
				CLANG_ENABLE_MODULES = YES;
				DYLIB_COMPATIBILITY_VERSION = 1;
				DYLIB_CURRENT_VERSION = 1;
				EMBED_ASSET_PACKS_IN_PRODUCT_BUNDLE = NO;
				ENABLE_ON_DEMAND_RESOURCES = NO;
				EXECUTABLE_PREFIX = lib;
				HEADER_SEARCH_PATHS = "$(SRCROOT)/../node_modules/react-native/React/**";
				LD_RUNPATH_SEARCH_PATHS = "$(inherited) @executable_path/../Frameworks @loader_path/../Frameworks";
				PRODUCT_NAME = "$(TARGET_NAME)";
				SDKROOT = iphoneos;
				SUPPORTED_PLATFORMS = "iphonesimulator iphoneos";
				SWIFT_OBJC_BRIDGING_HEADER = "RNParser/RNParser-Bridging-Header.h";
				SWIFT_VERSION = 3.0;
			};
			name = Release;
		};
/* End XCBuildConfiguration section */

/* Begin XCConfigurationList section */
		BEF751AC1F35C7DB0012D7D6 /* Build configuration list for PBXProject "RNParser" */ = {
			isa = XCConfigurationList;
			buildConfigurations = (
				BEF751B81F35C7DB0012D7D6 /* Debug */,
				BEF751B91F35C7DB0012D7D6 /* Release */,
			);
			defaultConfigurationIsVisible = 0;
			defaultConfigurationName = Release;
		};
		BEF751BA1F35C7DB0012D7D6 /* Build configuration list for PBXNativeTarget "RNParser" */ = {
			isa = XCConfigurationList;
			buildConfigurations = (
				BEF751BB1F35C7DB0012D7D6 /* Debug */,
				BEF751BC1F35C7DB0012D7D6 /* Release */,
			);
			defaultConfigurationIsVisible = 0;
			defaultConfigurationName = Release;
		};
/* End XCConfigurationList section */
	};
	rootObject = BEF751A91F35C7DB0012D7D6 /* Project object */;
}
